
Microsoft Visual Studio Solution File, Format Version 12.00
# Visual Studio Version 16
VisualStudioVersion = 16.0.31205.134
MinimumVisualStudioVersion = 10.0.40219.1
Project("{FAE04EC0-301F-11D3-BF4B-00C04F79EFBC}") = "desire-of-sheep", "desire-of-sheep.csproj", "{AEAC7BD7-EE7E-41F9-B23C-7021A394A47F}"
EndProject
Global
	GlobalSection(SolutionConfigurationPlatforms) = preSolution
		Debug|Any CPU = Debug|Any CPU
		Release|Any CPU = Release|Any CPU
	EndGlobalSection
	GlobalSection(ProjectConfigurationPlatforms) = postSolution
		{AEAC7BD7-EE7E-41F9-B23C-7021A394A47F}.Debug|Any CPU.ActiveCfg = Debug|Any CPU
		{AEAC7BD7-EE7E-41F9-B23C-7021A394A47F}.Debug|Any CPU.Build.0 = Debug|Any CPU
		{AEAC7BD7-EE7E-41F9-B23C-7021A394A47F}.Release|Any CPU.ActiveCfg = Release|Any CPU
		{AEAC7BD7-EE7E-41F9-B23C-7021A394A47F}.Release|Any CPU.Build.0 = Release|Any CPU
	EndGlobalSection
	GlobalSection(SolutionProperties) = preSolution
		HideSolutionNode = FALSE
	EndGlobalSection
	GlobalSection(ExtensibilityGlobals) = postSolution
		SolutionGuid = {4AFE90EC-CE58-41DE-A78C-A0EDC51BA3F9}
	EndGlobalSection
EndGlobal
